
Microsoft Visual Studio Solution File, Format Version 12.00
# Visual Studio Version 16
VisualStudioVersion = 16.0.29411.108
MinimumVisualStudioVersion = 10.0.40219.1
Project("{FAE04EC0-301F-11D3-BF4B-00C04F79EFBC}") = "MvcProjeKampi", "MvcProjeKampi\MvcProjeKampi.csproj", "{84F26CC1-284D-4CDA-8B92-57F84794BB06}"
EndProject
Project("{FAE04EC0-301F-11D3-BF4B-00C04F79EFBC}") = "EntityLayer", "EntityLayer\EntityLayer.csproj", "{BCECF0A5-AE13-4DD4-804F-88C6C450B1A1}"
EndProject
Project("{FAE04EC0-301F-11D3-BF4B-00C04F79EFBC}") = "DataAccessLayer", "DataAccessLayer\DataAccessLayer.csproj", "{B0A92602-C0FD-4C97-949E-1E67423682CA}"
EndProject
Project("{FAE04EC0-301F-11D3-BF4B-00C04F79EFBC}") = "BusinessLayer", "BusinessLayer\BusinessLayer.csproj", "{379F06F9-2770-48C2-9A7B-CFB8DA75C1E8}"
EndProject
Global
	GlobalSection(SolutionConfigurationPlatforms) = preSolution
		Debug|Any CPU = Debug|Any CPU
		Release|Any CPU = Release|Any CPU
	EndGlobalSection
	GlobalSection(ProjectConfigurationPlatforms) = postSolution
		{84F26CC1-284D-4CDA-8B92-57F84794BB06}.Debug|Any CPU.ActiveCfg = Debug|Any CPU
		{84F26CC1-284D-4CDA-8B92-57F84794BB06}.Debug|Any CPU.Build.0 = Debug|Any CPU
		{84F26CC1-284D-4CDA-8B92-57F84794BB06}.Release|Any CPU.ActiveCfg = Release|Any CPU
		{84F26CC1-284D-4CDA-8B92-57F84794BB06}.Release|Any CPU.Build.0 = Release|Any CPU
		{BCECF0A5-AE13-4DD4-804F-88C6C450B1A1}.Debug|Any CPU.ActiveCfg = Debug|Any CPU
		{BCECF0A5-AE13-4DD4-804F-88C6C450B1A1}.Debug|Any CPU.Build.0 = Debug|Any CPU
		{BCECF0A5-AE13-4DD4-804F-88C6C450B1A1}.Release|Any CPU.ActiveCfg = Release|Any CPU
		{BCECF0A5-AE13-4DD4-804F-88C6C450B1A1}.Release|Any CPU.Build.0 = Release|Any CPU
		{B0A92602-C0FD-4C97-949E-1E67423682CA}.Debug|Any CPU.ActiveCfg = Debug|Any CPU
		{B0A92602-C0FD-4C97-949E-1E67423682CA}.Debug|Any CPU.Build.0 = Debug|Any CPU
		{B0A92602-C0FD-4C97-949E-1E67423682CA}.Release|Any CPU.ActiveCfg = Release|Any CPU
		{B0A92602-C0FD-4C97-949E-1E67423682CA}.Release|Any CPU.Build.0 = Release|Any CPU
		{379F06F9-2770-48C2-9A7B-CFB8DA75C1E8}.Debug|Any CPU.ActiveCfg = Debug|Any CPU
		{379F06F9-2770-48C2-9A7B-CFB8DA75C1E8}.Debug|Any CPU.Build.0 = Debug|Any CPU
		{379F06F9-2770-48C2-9A7B-CFB8DA75C1E8}.Release|Any CPU.ActiveCfg = Release|Any CPU
		{379F06F9-2770-48C2-9A7B-CFB8DA75C1E8}.Release|Any CPU.Build.0 = Release|Any CPU
	EndGlobalSection
	GlobalSection(SolutionProperties) = preSolution
		HideSolutionNode = FALSE
	EndGlobalSection
	GlobalSection(ExtensibilityGlobals) = postSolution
		SolutionGuid = {F45D8CB9-5E79-49A5-951A-238B0AFA9CD0}
	EndGlobalSection
EndGlobal
